
Microsoft Visual Studio Solution File, Format Version 12.00
# Visual Studio Version 17
VisualStudioVersion = 17.4.33122.133
MinimumVisualStudioVersion = 10.0.40219.1
Project("{8BC9CEB8-8B4A-11D0-8D11-00A0C91BC942}") = "jumps", "jumps\jumps.vcxproj", "{3BB39701-3DD2-4FDB-82F0-6CF957216F9E}"
EndProject
Global
	GlobalSection(SolutionConfigurationPlatforms) = preSolution
		Debug|x64 = Debug|x64
		Debug|x86 = Debug|x86
		Release|x64 = Release|x64
		Release|x86 = Release|x86
	EndGlobalSection
	GlobalSection(ProjectConfigurationPlatforms) = postSolution
		{3BB39701-3DD2-4FDB-82F0-6CF957216F9E}.Debug|x64.ActiveCfg = Debug|x64
		{3BB39701-3DD2-4FDB-82F0-6CF957216F9E}.Debug|x64.Build.0 = Debug|x64
		{3BB39701-3DD2-4FDB-82F0-6CF957216F9E}.Debug|x86.ActiveCfg = Debug|Win32
		{3BB39701-3DD2-4FDB-82F0-6CF957216F9E}.Debug|x86.Build.0 = Debug|Win32
		{3BB39701-3DD2-4FDB-82F0-6CF957216F9E}.Release|x64.ActiveCfg = Release|x64
		{3BB39701-3DD2-4FDB-82F0-6CF957216F9E}.Release|x64.Build.0 = Release|x64
		{3BB39701-3DD2-4FDB-82F0-6CF957216F9E}.Release|x86.ActiveCfg = Release|Win32
		{3BB39701-3DD2-4FDB-82F0-6CF957216F9E}.Release|x86.Build.0 = Release|Win32
	EndGlobalSection
	GlobalSection(SolutionProperties) = preSolution
		HideSolutionNode = FALSE
	EndGlobalSection
	GlobalSection(ExtensibilityGlobals) = postSolution
		SolutionGuid = {EFAAEFF8-3490-4D50-9793-6CB7B186CFF7}
	EndGlobalSection
EndGlobal
