
Microsoft Visual Studio Solution File, Format Version 12.00
# Visual Studio Version 17
VisualStudioVersion = 17.4.33122.133
MinimumVisualStudioVersion = 10.0.40219.1
Project("{8BC9CEB8-8B4A-11D0-8D11-00A0C91BC942}") = "testing", "testing\testing.vcxproj", "{8D15AE48-A052-49CF-AEBB-DB2CE45715B6}"
EndProject
Global
	GlobalSection(SolutionConfigurationPlatforms) = preSolution
		Debug|x64 = Debug|x64
		Debug|x86 = Debug|x86
		Release|x64 = Release|x64
		Release|x86 = Release|x86
	EndGlobalSection
	GlobalSection(ProjectConfigurationPlatforms) = postSolution
		{8D15AE48-A052-49CF-AEBB-DB2CE45715B6}.Debug|x64.ActiveCfg = Debug|x64
		{8D15AE48-A052-49CF-AEBB-DB2CE45715B6}.Debug|x64.Build.0 = Debug|x64
		{8D15AE48-A052-49CF-AEBB-DB2CE45715B6}.Debug|x86.ActiveCfg = Debug|Win32
		{8D15AE48-A052-49CF-AEBB-DB2CE45715B6}.Debug|x86.Build.0 = Debug|Win32
		{8D15AE48-A052-49CF-AEBB-DB2CE45715B6}.Release|x64.ActiveCfg = Release|x64
		{8D15AE48-A052-49CF-AEBB-DB2CE45715B6}.Release|x64.Build.0 = Release|x64
		{8D15AE48-A052-49CF-AEBB-DB2CE45715B6}.Release|x86.ActiveCfg = Release|Win32
		{8D15AE48-A052-49CF-AEBB-DB2CE45715B6}.Release|x86.Build.0 = Release|Win32
	EndGlobalSection
	GlobalSection(SolutionProperties) = preSolution
		HideSolutionNode = FALSE
	EndGlobalSection
	GlobalSection(ExtensibilityGlobals) = postSolution
		SolutionGuid = {759F2D49-C73C-44E3-9A20-982039A6F1EB}
	EndGlobalSection
EndGlobal
